{
  "name": "swagger-editor-dist",
  "lockfileVersion": 3,
  "requires": true,
  "packages": {
    "": {
      "dependencies": {
        "swagger-editor-dist": "^4.12.1"
      }
    },
    "node_modules/swagger-editor-dist": {
      "version": "4.12.1",
      "resolved": "https://registry.npmjs.org/swagger-editor-dist/-/swagger-editor-dist-4.12.1.tgz",
      "integrity": "sha512-juA/Yyu8l4pIr7JcWpJ/9E3/9LMTOyBFgpYWqJhV2myrNyqV1CrQsaegBGI/j4yPUOR5rwCfmBDv1fwg+1Mj7A=="
    }
  }
}
